
Microsoft Visual Studio Solution File, Format Version 12.00
# Visual Studio Version 16
VisualStudioVersion = 16.0.31019.35
MinimumVisualStudioVersion = 10.0.40219.1
Project("{FAE04EC0-301F-11D3-BF4B-00C04F79EFBC}") = "AngularToAPI", "AngularToAPI.csproj", "{29121668-0E66-40C7-B5D5-DB5C2C3A066A}"
EndProject
Global
	GlobalSection(SolutionConfigurationPlatforms) = preSolution
		Debug|Any CPU = Debug|Any CPU
		Release|Any CPU = Release|Any CPU
	EndGlobalSection
	GlobalSection(ProjectConfigurationPlatforms) = postSolution
		{29121668-0E66-40C7-B5D5-DB5C2C3A066A}.Debug|Any CPU.ActiveCfg = Debug|Any CPU
		{29121668-0E66-40C7-B5D5-DB5C2C3A066A}.Debug|Any CPU.Build.0 = Debug|Any CPU
		{29121668-0E66-40C7-B5D5-DB5C2C3A066A}.Release|Any CPU.ActiveCfg = Release|Any CPU
		{29121668-0E66-40C7-B5D5-DB5C2C3A066A}.Release|Any CPU.Build.0 = Release|Any CPU
	EndGlobalSection
	GlobalSection(SolutionProperties) = preSolution
		HideSolutionNode = FALSE
	EndGlobalSection
	GlobalSection(ExtensibilityGlobals) = postSolution
		SolutionGuid = {73D775F6-876E-446C-ABF8-BEE4F663FF60}
	EndGlobalSection
EndGlobal
